
Microsoft Visual Studio Solution File, Format Version 12.00
# Visual Studio Version 17
VisualStudioVersion = 17.1.32414.318
MinimumVisualStudioVersion = 10.0.40219.1
Project("{9A19103F-16F7-4668-BE54-9A1E7A4F7556}") = "ExpenseTracker.Web", "ExpenseTracker.Web\ExpenseTracker.Web.csproj", "{9201C616-9C8C-4472-9C76-C0B61C71C332}"
EndProject
Project("{9A19103F-16F7-4668-BE54-9A1E7A4F7556}") = "ExpenseTracker.Data", "ExpenseTracker.Data\ExpenseTracker.Data.csproj", "{0879308E-A612-4C21-AC2B-9A80512E762C}"
EndProject
Project("{9A19103F-16F7-4668-BE54-9A1E7A4F7556}") = "ExpenseTracker.Services", "ExpenseTracker.Services\ExpenseTracker.Services.csproj", "{3EEF8310-E0F9-490F-A482-391D2704227D}"
EndProject
Project("{9A19103F-16F7-4668-BE54-9A1E7A4F7556}") = "ExpenseTracker.Common", "ExpenseTracker.Common\ExpenseTracker.Common.csproj", "{5734D9AD-0D10-48B0-85D1-CAFB5B1EAFBA}"
EndProject
Global
	GlobalSection(SolutionConfigurationPlatforms) = preSolution
		Debug|Any CPU = Debug|Any CPU
		Release|Any CPU = Release|Any CPU
	EndGlobalSection
	GlobalSection(ProjectConfigurationPlatforms) = postSolution
		{9201C616-9C8C-4472-9C76-C0B61C71C332}.Debug|Any CPU.ActiveCfg = Debug|Any CPU
		{9201C616-9C8C-4472-9C76-C0B61C71C332}.Debug|Any CPU.Build.0 = Debug|Any CPU
		{9201C616-9C8C-4472-9C76-C0B61C71C332}.Release|Any CPU.ActiveCfg = Release|Any CPU
		{9201C616-9C8C-4472-9C76-C0B61C71C332}.Release|Any CPU.Build.0 = Release|Any CPU
		{0879308E-A612-4C21-AC2B-9A80512E762C}.Debug|Any CPU.ActiveCfg = Debug|Any CPU
		{0879308E-A612-4C21-AC2B-9A80512E762C}.Debug|Any CPU.Build.0 = Debug|Any CPU
		{0879308E-A612-4C21-AC2B-9A80512E762C}.Release|Any CPU.ActiveCfg = Release|Any CPU
		{0879308E-A612-4C21-AC2B-9A80512E762C}.Release|Any CPU.Build.0 = Release|Any CPU
		{3EEF8310-E0F9-490F-A482-391D2704227D}.Debug|Any CPU.ActiveCfg = Debug|Any CPU
		{3EEF8310-E0F9-490F-A482-391D2704227D}.Debug|Any CPU.Build.0 = Debug|Any CPU
		{3EEF8310-E0F9-490F-A482-391D2704227D}.Release|Any CPU.ActiveCfg = Release|Any CPU
		{3EEF8310-E0F9-490F-A482-391D2704227D}.Release|Any CPU.Build.0 = Release|Any CPU
		{5734D9AD-0D10-48B0-85D1-CAFB5B1EAFBA}.Debug|Any CPU.ActiveCfg = Debug|Any CPU
		{5734D9AD-0D10-48B0-85D1-CAFB5B1EAFBA}.Debug|Any CPU.Build.0 = Debug|Any CPU
		{5734D9AD-0D10-48B0-85D1-CAFB5B1EAFBA}.Release|Any CPU.ActiveCfg = Release|Any CPU
		{5734D9AD-0D10-48B0-85D1-CAFB5B1EAFBA}.Release|Any CPU.Build.0 = Release|Any CPU
	EndGlobalSection
	GlobalSection(SolutionProperties) = preSolution
		HideSolutionNode = FALSE
	EndGlobalSection
	GlobalSection(ExtensibilityGlobals) = postSolution
		SolutionGuid = {88FC924B-2C64-4978-A253-EF1485CEF299}
	EndGlobalSection
EndGlobal
